{"format_version":"1.0","provider_schemas":{"registry.terraform.io/terraform-community-providers/linear":{"provider":{"version":0,"block":{"attributes":{"token":{"type":"string","description":"The token used to authenticate with Linear.","description_kind":"markdown","optional":true}},"description_kind":"plain"}},"resource_schemas":{"linear_team":{"version":0,"block":{"attributes":{"allow_members_to_manage_labels":{"type":"bool","description":"Allow members to manage labels in the team.","description_kind":"markdown","optional":true,"computed":true},"allow_members_to_manage_members":{"type":"bool","description":"Allow members to manage members of the team.","description_kind":"markdown","optional":true,"computed":true},"allow_members_to_manage_team":{"type":"bool","description":"Allow members to manage the team.","description_kind":"markdown","optional":true,"computed":true},"allow_members_to_manage_templates":{"type":"bool","description":"Allow members to manage templates in the team.","description_kind":"markdown","optional":true,"computed":true},"auto_archive_period":{"type":"number","description":"Period after which closed and completed issues are automatically archived, in months. **Default** `6`.","description_kind":"markdown","optional":true,"computed":true},"auto_close_child_issues":{"type":"bool","description":"Whether to automatically close child issues when their parent issue is closed. **Default** `false`.","description_kind":"markdown","optional":true,"computed":true},"auto_close_parent_issues":{"type":"bool","description":"Whether to automatically close parent issues when all their child issues are closed. **Default** `false`.","description_kind":"markdown","optional":true,"computed":true},"auto_close_period":{"type":"number","description":"Period after which non-completed or non-canceled issues are automatically closed, in months. **Default** `6`. *Use `0` for turning this off.*","description_kind":"markdown","optional":true,"computed":true},"backlog_workflow_state":{"nested_type":{"attributes":{"color":{"type":"string","description":"Color of the workflow state. **Default** `#bec2c8`.","description_kind":"markdown","optional":true,"computed":true},"description":{"type":"string","description":"Description of the workflow state.","description_kind":"markdown","optional":true},"id":{"type":"string","description":"Identifier of the workflow state.","description_kind":"markdown","computed":true},"name":{"type":"string","description":"Name of the workflow state. **Default** `Backlog`.","description_kind":"markdown","optional":true,"computed":true},"position":{"type":"number","description":"Position of the workflow state.","description_kind":"markdown","computed":true}},"nesting_mode":"single"},"description":"Settings for the `backlog` workflow state that is created by default for the team. *Position is always `0`. This can not be deleted.*","description_kind":"markdown","optional":true,"computed":true},"canceled_workflow_state":{"nested_type":{"attributes":{"color":{"type":"string","description":"Color of the workflow state. **Default** `#95a2b3`.","description_kind":"markdown","optional":true,"computed":true},"description":{"type":"string","description":"Description of the workflow state.","description_kind":"markdown","optional":true},"id":{"type":"string","description":"Identifier of the workflow state.","description_kind":"markdown","computed":true},"name":{"type":"string","description":"Name of the workflow state. **Default** `Canceled`.","description_kind":"markdown","optional":true,"computed":true},"position":{"type":"number","description":"Position of the workflow state.","description_kind":"markdown","computed":true}},"nesting_mode":"single"},"description":"Settings for the `canceled` workflow state that is created by default for the team. *Position is always `0`. This can not be deleted.*","description_kind":"markdown","optional":true,"computed":true},"color":{"type":"string","description":"Color of the team.","description_kind":"markdown","optional":true,"computed":true},"completed_workflow_state":{"nested_type":{"attributes":{"color":{"type":"string","description":"Color of the workflow state. **Default** `#5e6ad2`.","description_kind":"markdown","optional":true,"computed":true},"description":{"type":"string","description":"Description of the workflow state.","description_kind":"markdown","optional":true},"id":{"type":"string","description":"Identifier of the workflow state.","description_kind":"markdown","computed":true},"name":{"type":"string","description":"Name of the workflow state. **Default** `Done`.","description_kind":"markdown","optional":true,"computed":true},"position":{"type":"number","description":"Position of the workflow state.","description_kind":"markdown","computed":true}},"nesting_mode":"single"},"description":"Settings for the `completed` workflow state that is created by default for the team. *Position is always `0`. This can not be deleted.*","description_kind":"markdown","optional":true,"computed":true},"cycles":{"nested_type":{"attributes":{"auto_add_completed":{"type":"bool","description":"Auto add completed issues that don't belong to any cycle to the active cycle. **Default** `true`.","description_kind":"markdown","optional":true,"computed":true},"auto_add_started":{"type":"bool","description":"Auto add started issues that don't belong to any cycle to the active cycle. **Default** `true`.","description_kind":"markdown","optional":true,"computed":true},"cooldown":{"type":"number","description":"Cooldown time between cycles in weeks. **Default** `0`.","description_kind":"markdown","optional":true,"computed":true},"duration":{"type":"number","description":"Duration of the cycle in weeks. **Default** `1`.","description_kind":"markdown","optional":true,"computed":true},"enabled":{"type":"bool","description":"Enable cycles for the team. **Default** `false`.","description_kind":"markdown","optional":true,"computed":true},"need_for_active":{"type":"bool","description":"Whether all active issues need to have a cycle. **Default** `false`.","description_kind":"markdown","optional":true,"computed":true},"start_day":{"type":"number","description":"Start day of the cycle. Sunday is 0, Saturday is 6. **Default** `0`.","description_kind":"markdown","optional":true,"computed":true},"upcoming":{"type":"number","description":"Number of upcoming cycles to automatically create. **Default** `2`.","description_kind":"markdown","optional":true,"computed":true}},"nesting_mode":"single"},"description":"Cycle settings of the team.","description_kind":"markdown","optional":true,"computed":true},"description":{"type":"string","description":"Description of the team.","description_kind":"markdown","optional":true},"enable_issue_default_to_bottom":{"type":"bool","description":"Enable moving issues to bottom of the column when changing state. **Default** `false`.","description_kind":"markdown","optional":true,"computed":true},"enable_issue_history_grouping":{"type":"bool","description":"Enable issue history grouping for the team. **Default** `true`.","description_kind":"markdown","optional":true,"computed":true},"enable_thread_summaries":{"type":"bool","description":"Enable resolved thread AI summaries for the team. **Default** `true`.","description_kind":"markdown","optional":true,"computed":true},"estimation":{"nested_type":{"attributes":{"allow_zero":{"type":"bool","description":"Whether zero is allowed as an estimation. **Default** `false`.","description_kind":"markdown","optional":true,"computed":true},"default":{"type":"number","description":"Default estimation for issues that are unestimated. **Default** `1`.","description_kind":"markdown","optional":true,"computed":true},"extended":{"type":"bool","description":"Whether the team uses extended estimation. **Default** `false`.","description_kind":"markdown","optional":true,"computed":true},"type":{"type":"string","description":"Issue estimation type for the team. **Default** `notUsed`.","description_kind":"markdown","optional":true,"computed":true}},"nesting_mode":"single"},"description":"Issue estimation settings of the team.","description_kind":"markdown","optional":true,"computed":true},"icon":{"type":"string","description":"Icon of the team.","description_kind":"markdown","optional":true,"computed":true},"id":{"type":"string","description":"Identifier of the team.","description_kind":"markdown","computed":true},"key":{"type":"string","description":"Key of the team.","description_kind":"markdown","required":true},"name":{"type":"string","description":"Name of the team.","description_kind":"markdown","required":true},"parent_id":{"type":"string","description":"Identifier of the parent team.","description_kind":"markdown","optional":true},"private":{"type":"bool","description":"Privacy of the team. **Default** `false`.","description_kind":"markdown","optional":true,"computed":true},"started_workflow_state":{"nested_type":{"attributes":{"color":{"type":"string","description":"Color of the workflow state. **Default** `#f2c94c`.","description_kind":"markdown","optional":true,"computed":true},"description":{"type":"string","description":"Description of the workflow state.","description_kind":"markdown","optional":true},"id":{"type":"string","description":"Identifier of the workflow state.","description_kind":"markdown","computed":true},"name":{"type":"string","description":"Name of the workflow state. **Default** `In Progress`.","description_kind":"markdown","optional":true,"computed":true},"position":{"type":"number","description":"Position of the workflow state.","description_kind":"markdown","computed":true}},"nesting_mode":"single"},"description":"Settings for the `started` workflow state that is created by default for the team. *Position is always `0`. This can not be deleted.*","description_kind":"markdown","optional":true,"computed":true},"timezone":{"type":"string","description":"Timezone of the team. **Default** `Etc/GMT`.","description_kind":"markdown","optional":true,"computed":true},"triage":{"nested_type":{"attributes":{"enabled":{"type":"bool","description":"Enable triage mode for the team. **Default** `false`.","description_kind":"markdown","optional":true,"computed":true},"require_priority":{"type":"bool","description":"Whether an issue needs to have a priority set before leaving triage. **Default** `false`.","description_kind":"markdown","optional":true,"computed":true}},"nesting_mode":"single"},"description":"Triage settings of the team.","description_kind":"markdown","optional":true,"computed":true},"unstarted_workflow_state":{"nested_type":{"attributes":{"color":{"type":"string","description":"Color of the workflow state. **Default** `#e2e2e2`.","description_kind":"markdown","optional":true,"computed":true},"description":{"type":"string","description":"Description of the workflow state.","description_kind":"markdown","optional":true},"id":{"type":"string","description":"Identifier of the workflow state.","description_kind":"markdown","computed":true},"name":{"type":"string","description":"Name of the workflow state. **Default** `Todo`.","description_kind":"markdown","optional":true,"computed":true},"position":{"type":"number","description":"Position of the workflow state.","description_kind":"markdown","computed":true}},"nesting_mode":"single"},"description":"Settings for the `unstarted` workflow state that is created by default for the team. *Position is always `0`. This can not be deleted.*","description_kind":"markdown","optional":true,"computed":true}},"description":"Linear team.","description_kind":"markdown"}},"linear_team_label":{"version":0,"block":{"attributes":{"color":{"type":"string","description":"Color of the label.","description_kind":"markdown","optional":true,"computed":true},"description":{"type":"string","description":"Description of the label.","description_kind":"markdown","optional":true},"id":{"type":"string","description":"Identifier of the label.","description_kind":"markdown","computed":true},"is_group":{"type":"bool","description":"Whether the label is a group (parent) label.","description_kind":"markdown","optional":true,"computed":true},"name":{"type":"string","description":"Name of the label.","description_kind":"markdown","required":true},"parent_id":{"type":"string","description":"Parent (label group) of the label.","description_kind":"markdown","optional":true},"team_id":{"type":"string","description":"Identifier of the team.","description_kind":"markdown","required":true}},"description":"Linear team label.","description_kind":"markdown"}},"linear_team_workflow":{"version":0,"block":{"attributes":{"branch":{"nested_type":{"attributes":{"id":{"type":"string","description":"Identifier of the branch pattern.","description_kind":"markdown","computed":true},"is_regex":{"type":"bool","description":"Whether the branch pattern is a regex. **Default** `false`.","description_kind":"markdown","optional":true,"computed":true},"pattern":{"type":"string","description":"Branch pattern to match.","description_kind":"markdown","required":true}},"nesting_mode":"single"},"description":"Branch settings for this workflow state.","description_kind":"markdown","optional":true},"draft":{"type":"string","description":"Workflow state used when draft PRs are opened.","description_kind":"markdown","optional":true},"id":{"type":"string","description":"Identifier of the team.","description_kind":"markdown","computed":true},"key":{"type":"string","description":"Key of the team.","description_kind":"markdown","required":true},"merge":{"type":"string","description":"Workflow state used when PRs are merged.","description_kind":"markdown","optional":true},"mergeable":{"type":"string","description":"Workflow state used when PRs become mergeable.","description_kind":"markdown","optional":true},"review":{"type":"string","description":"Workflow state used when reviews are requested on PRs.","description_kind":"markdown","optional":true},"start":{"type":"string","description":"Workflow state used when PRs are opened.","description_kind":"markdown","optional":true}},"description":"Linear team workflow.","description_kind":"markdown"}},"linear_template":{"version":0,"block":{"attributes":{"color":{"type":"string","description":"Color of the template.","description_kind":"markdown","optional":true,"computed":true},"data":{"type":"string","description":"Template data of the template.","description_kind":"markdown","required":true},"description":{"type":"string","description":"Description of the template.","description_kind":"markdown","optional":true},"icon":{"type":"string","description":"Icon of the template.","description_kind":"markdown","optional":true,"computed":true},"id":{"type":"string","description":"Identifier of the template.","description_kind":"markdown","computed":true},"name":{"type":"string","description":"Name of the template.","description_kind":"markdown","required":true},"team_id":{"type":"string","description":"Identifier of the team. If not provided, creates a workspace-level template.","description_kind":"markdown","optional":true},"type":{"type":"string","description":"Type of the template. **Default** `issue`.","description_kind":"markdown","optional":true,"computed":true}},"description":"Linear template resource.","description_kind":"markdown"}},"linear_workflow_state":{"version":0,"block":{"attributes":{"color":{"type":"string","description":"Color of the workflow state.","description_kind":"markdown","required":true},"description":{"type":"string","description":"Description of the workflow state.","description_kind":"markdown","optional":true},"id":{"type":"string","description":"Identifier of the workflow state.","description_kind":"markdown","computed":true},"name":{"type":"string","description":"Name of the workflow state.","description_kind":"markdown","required":true},"position":{"type":"number","description":"Position of the workflow state.","description_kind":"markdown","required":true},"team_id":{"type":"string","description":"Identifier of the team.","description_kind":"markdown","required":true},"type":{"type":"string","description":"Type of the workflow state.","description_kind":"markdown","required":true}},"description":"Linear team workflow state.","description_kind":"markdown"}},"linear_workspace_label":{"version":0,"block":{"attributes":{"color":{"type":"string","description":"Color of the label.","description_kind":"markdown","optional":true,"computed":true},"description":{"type":"string","description":"Description of the label.","description_kind":"markdown","optional":true},"id":{"type":"string","description":"Identifier of the label.","description_kind":"markdown","computed":true},"is_group":{"type":"bool","description":"Whether the label is a group (parent) label.","description_kind":"markdown","optional":true,"computed":true},"name":{"type":"string","description":"Name of the label.","description_kind":"markdown","required":true},"parent_id":{"type":"string","description":"Parent (label group) of the label.","description_kind":"markdown","optional":true}},"description":"Linear workspace label.","description_kind":"markdown"}},"linear_workspace_settings":{"version":0,"block":{"attributes":{"allow_members_to_create_teams":{"type":"bool","description":"Allow members to create new teams in the workspace. **Default** `true`.","description_kind":"markdown","optional":true,"computed":true},"allow_members_to_invite":{"type":"bool","description":"Allow members to invite new members to the workspace. **Default** `true`.","description_kind":"markdown","optional":true,"computed":true},"allow_members_to_manage_labels":{"type":"bool","description":"Allow members to manage labels in the workspace. **Default** `true`.","description_kind":"markdown","optional":true,"computed":true},"allow_members_to_manage_templates":{"type":"bool","description":"Allow members to manage templates in the workspace. **Default** `true`.","description_kind":"markdown","optional":true,"computed":true},"customers":{"nested_type":{"attributes":{"enabled":{"type":"bool","description":"Enable customer requests. **Default** `false`.","description_kind":"markdown","optional":true,"computed":true}},"nesting_mode":"single"},"description":"Customer Requests settings for the workspace.","description_kind":"markdown","optional":true,"computed":true},"enable_git_linkback_messages":{"type":"bool","description":"Enable git linkbacks for private repositories. **Default** `true`.","description_kind":"markdown","optional":true,"computed":true},"enable_git_linkback_messages_public":{"type":"bool","description":"Enable git linkbacks for public repositories. **Default** `false`.","description_kind":"markdown","optional":true,"computed":true},"feed":{"nested_type":{"attributes":{"enabled":{"type":"bool","description":"Enable feed summaries for the workspace. **Default** `false`.","description_kind":"markdown","optional":true,"computed":true},"schedule":{"type":"string","description":"Schedule for feed summaries (daily, weekly). **Default** `daily`.","description_kind":"markdown","optional":true,"computed":true}},"nesting_mode":"single"},"description":"Feed settings for the workspace.","description_kind":"markdown","optional":true,"computed":true},"fiscal_year_start_month":{"type":"number","description":"Month at which the fiscal year starts. **Default** `0` representing January.","description_kind":"markdown","optional":true,"computed":true},"id":{"type":"string","description":"Identifier of the workspace.","description_kind":"markdown","computed":true},"initiatives":{"nested_type":{"attributes":{"enabled":{"type":"bool","description":"Enable initiatives. **Default** `false`.","description_kind":"markdown","optional":true,"computed":true},"update_reminder_day":{"type":"string","description":"Day on which to prompt for initiative updates. **Default** `Friday`.","description_kind":"markdown","optional":true,"computed":true},"update_reminder_frequency":{"type":"number","description":"Frequency in weeks to send initiative update reminders. **Default** `0`.","description_kind":"markdown","optional":true,"computed":true},"update_reminder_hour":{"type":"number","description":"Hour of day (0-23) at which to prompt for initiative updates. **Default** `14`.","description_kind":"markdown","optional":true,"computed":true}},"nesting_mode":"single"},"description":"Initiative settings for the workspace.","description_kind":"markdown","optional":true,"computed":true},"projects":{"nested_type":{"attributes":{"update_reminder_day":{"type":"string","description":"Day on which to prompt for project updates. **Default** `Friday`.","description_kind":"markdown","optional":true,"computed":true},"update_reminder_frequency":{"type":"number","description":"Frequency in weeks to send project update reminders. **Default** `0`.","description_kind":"markdown","optional":true,"computed":true},"update_reminder_hour":{"type":"number","description":"Hour of day (0-23) at which to prompt for project updates. **Default** `14`.","description_kind":"markdown","optional":true,"computed":true}},"nesting_mode":"single"},"description":"Project settings for the workspace.","description_kind":"markdown","optional":true,"computed":true}},"description":"Linear workspace settings.","description_kind":"markdown"}}},"data_source_schemas":{"linear_workspace":{"version":0,"block":{"attributes":{"id":{"type":"string","description":"Identifier of the workspace.","description_kind":"markdown","computed":true},"name":{"type":"string","description":"Name of the workspace.","description_kind":"markdown","computed":true},"url_key":{"type":"string","description":"URL key of the workspace.","description_kind":"markdown","computed":true}},"description":"Linear workspace.","description_kind":"markdown"}}}}}}
